
Microsoft Visual Studio Solution File, Format Version 12.00
# Visual Studio 14
VisualStudioVersion = 14.0.25420.1
MinimumVisualStudioVersion = 10.0.40219.1
Project("{8BC9CEB8-8B4A-11D0-8D11-00A0C91BC942}") = "D3DVP", "D3DVP\D3DVP.vcxproj", "{93C68D7F-7CAC-40F2-B2B6-F48B961C8526}"
EndProject
Project("{8BC9CEB8-8B4A-11D0-8D11-00A0C91BC942}") = "D3DVPTest", "D3DVPTest\D3DVPTest.vcxproj", "{9523DF0B-371E-4C95-B1A9-32CA10E6487A}"
	ProjectSection(ProjectDependencies) = postProject
		{93C68D7F-7CAC-40F2-B2B6-F48B961C8526} = {93C68D7F-7CAC-40F2-B2B6-F48B961C8526}
	EndProjectSection
EndProject
Global
	GlobalSection(SolutionConfigurationPlatforms) = preSolution
		Debug|x64 = Debug|x64
		Debug|x86 = Debug|x86
		Release|x64 = Release|x64
		Release|x86 = Release|x86
	EndGlobalSection
	GlobalSection(ProjectConfigurationPlatforms) = postSolution
		{93C68D7F-7CAC-40F2-B2B6-F48B961C8526}.Debug|x64.ActiveCfg = Debug|x64
		{93C68D7F-7CAC-40F2-B2B6-F48B961C8526}.Debug|x64.Build.0 = Debug|x64
		{93C68D7F-7CAC-40F2-B2B6-F48B961C8526}.Debug|x86.ActiveCfg = Debug|Win32
		{93C68D7F-7CAC-40F2-B2B6-F48B961C8526}.Debug|x86.Build.0 = Debug|Win32
		{93C68D7F-7CAC-40F2-B2B6-F48B961C8526}.Release|x64.ActiveCfg = Release|x64
		{93C68D7F-7CAC-40F2-B2B6-F48B961C8526}.Release|x64.Build.0 = Release|x64
		{93C68D7F-7CAC-40F2-B2B6-F48B961C8526}.Release|x86.ActiveCfg = Release|Win32
		{93C68D7F-7CAC-40F2-B2B6-F48B961C8526}.Release|x86.Build.0 = Release|Win32
		{9523DF0B-371E-4C95-B1A9-32CA10E6487A}.Debug|x64.ActiveCfg = Debug|x64
		{9523DF0B-371E-4C95-B1A9-32CA10E6487A}.Debug|x64.Build.0 = Debug|x64
		{9523DF0B-371E-4C95-B1A9-32CA10E6487A}.Debug|x86.ActiveCfg = Debug|Win32
		{9523DF0B-371E-4C95-B1A9-32CA10E6487A}.Debug|x86.Build.0 = Debug|Win32
		{9523DF0B-371E-4C95-B1A9-32CA10E6487A}.Release|x64.ActiveCfg = Release|x64
		{9523DF0B-371E-4C95-B1A9-32CA10E6487A}.Release|x64.Build.0 = Release|x64
		{9523DF0B-371E-4C95-B1A9-32CA10E6487A}.Release|x86.ActiveCfg = Release|Win32
		{9523DF0B-371E-4C95-B1A9-32CA10E6487A}.Release|x86.Build.0 = Release|Win32
	EndGlobalSection
	GlobalSection(SolutionProperties) = preSolution
		HideSolutionNode = FALSE
	EndGlobalSection
EndGlobal
